// !$*UTF8*$!
{
	archiveVersion = 1;
	classes = {
	};
	objectVersion = 55;
	objects = {

/* Begin PBXBuildFile section */
		709F83E02845B3B90031EAA5 /* libvulkan.1.3.211.dylib in Frameworks */ = {isa = PBXBuildFile; fileRef = 70D4B4462844C78900DD2DDC /* libvulkan.1.3.211.dylib */; };
		709F83E22845B3B90031EAA5 /* libvulkan.1.dylib in Frameworks */ = {isa = PBXBuildFile; fileRef = 709F83E12845B3B90031EAA5 /* libvulkan.1.dylib */; };
		709F83E62845B3C60031EAA5 /* libvulkan.1.dylib in CopyFiles */ = {isa = PBXBuildFile; fileRef = 709F83E42845B3C60031EAA5 /* libvulkan.1.dylib */; };
		709F83EA2845B54D0031EAA5 /* shaders in CopyFiles */ = {isa = PBXBuildFile; fileRef = 709F83E92845B5440031EAA5 /* shaders */; };
		70D4B4332844C58D00DD2DDC /* main.cpp in Sources */ = {isa = PBXBuildFile; fileRef = 70D4B4322844C58D00DD2DDC /* main.cpp */; };
		70D4B43F2844C73100DD2DDC /* libglfw.3.3.dylib in Frameworks */ = {isa = PBXBuildFile; fileRef = 70D4B43E2844C73100DD2DDC /* libglfw.3.3.dylib */; };
		70D4B4442844C77700DD2DDC /* libglfw.3.3.dylib in CopyFiles */ = {isa = PBXBuildFile; fileRef = 70D4B4432844C77700DD2DDC /* libglfw.3.3.dylib */; };
/* End PBXBuildFile section */

/* Begin PBXCopyFilesBuildPhase section */
		709F83E72845B3E20031EAA5 /* CopyFiles */ = {
			isa = PBXCopyFilesBuildPhase;
			buildActionMask = 2147483647;
			dstPath = "";
			dstSubfolderSpec = 16;
			files = (
				709F83EA2845B54D0031EAA5 /* shaders in CopyFiles */,
			);
			runOnlyForDeploymentPostprocessing = 0;
		};
		70D4B42D2844C58D00DD2DDC /* CopyFiles */ = {
			isa = PBXCopyFilesBuildPhase;
			buildActionMask = 12;
			dstPath = "";
			dstSubfolderSpec = 10;
			files = (
				70D4B4442844C77700DD2DDC /* libglfw.3.3.dylib in CopyFiles */,
				709F83E62845B3C60031EAA5 /* libvulkan.1.dylib in CopyFiles */,
			);
			runOnlyForDeploymentPostprocessing = 0;
		};
/* End PBXCopyFilesBuildPhase section */

/* Begin PBXFileReference section */
		709F83E12845B3B90031EAA5 /* libvulkan.1.dylib */ = {isa = PBXFileReference; lastKnownFileType = "compiled.mach-o.dylib"; name = libvulkan.1.dylib; path = ../../../../usr/local/lib/libvulkan.1.dylib; sourceTree = "<group>"; };
		709F83E42845B3C60031EAA5 /* libvulkan.1.dylib */ = {isa = PBXFileReference; lastKnownFileType = "compiled.mach-o.dylib"; name = libvulkan.1.dylib; path = ../../../../usr/local/lib/libvulkan.1.dylib; sourceTree = "<group>"; };
		709F83E92845B5440031EAA5 /* shaders */ = {isa = PBXFileReference; lastKnownFileType = folder; name = shaders; path = "Vulkan-Xcode/shaders"; sourceTree = "<group>"; };
		70D4B42F2844C58D00DD2DDC /* Vulkan-Xcode */ = {isa = PBXFileReference; explicitFileType = "compiled.mach-o.executable"; includeInIndex = 0; path = "Vulkan-Xcode"; sourceTree = BUILT_PRODUCTS_DIR; };
		70D4B4322844C58D00DD2DDC /* main.cpp */ = {isa = PBXFileReference; lastKnownFileType = sourcecode.cpp.cpp; path = main.cpp; sourceTree = "<group>"; };
		70D4B43E2844C73100DD2DDC /* libglfw.3.3.dylib */ = {isa = PBXFileReference; lastKnownFileType = "compiled.mach-o.dylib"; name = libglfw.3.3.dylib; path = ../../../../../../usr/local/lib/libglfw.3.3.dylib; sourceTree = "<group>"; };
		70D4B4432844C77700DD2DDC /* libglfw.3.3.dylib */ = {isa = PBXFileReference; lastKnownFileType = "compiled.mach-o.dylib"; name = libglfw.3.3.dylib; path = ../../../../../../usr/local/lib/libglfw.3.3.dylib; sourceTree = "<group>"; };
		70D4B4462844C78900DD2DDC /* libvulkan.1.3.211.dylib */ = {isa = PBXFileReference; lastKnownFileType = "compiled.mach-o.dylib"; name = libvulkan.1.3.211.dylib; path = ../../../../usr/local/lib/libvulkan.1.3.211.dylib; sourceTree = "<group>"; };
/* End PBXFileReference section */

/* Begin PBXFrameworksBuildPhase section */
		70D4B42C2844C58D00DD2DDC /* Frameworks */ = {
			isa = PBXFrameworksBuildPhase;
			buildActionMask = 2147483647;
			files = (
				70D4B43F2844C73100DD2DDC /* libglfw.3.3.dylib in Frameworks */,
				709F83E22845B3B90031EAA5 /* libvulkan.1.dylib in Frameworks */,
				709F83E02845B3B90031EAA5 /* libvulkan.1.3.211.dylib in Frameworks */,
			);
			runOnlyForDeploymentPostprocessing = 0;
		};
/* End PBXFrameworksBuildPhase section */

/* Begin PBXGroup section */
		70D4B4262844C58C00DD2DDC = {
			isa = PBXGroup;
			children = (
				709F83E92845B5440031EAA5 /* shaders */,
				70D4B4462844C78900DD2DDC /* libvulkan.1.3.211.dylib */,
				709F83E42845B3C60031EAA5 /* libvulkan.1.dylib */,
				70D4B4432844C77700DD2DDC /* libglfw.3.3.dylib */,
				70D4B4312844C58D00DD2DDC /* Vulkan-Xcode */,
				70D4B4302844C58D00DD2DDC /* Products */,
				70D4B4392844C6F600DD2DDC /* Frameworks */,
			);
			sourceTree = "<group>";
		};
		70D4B4302844C58D00DD2DDC /* Products */ = {
			isa = PBXGroup;
			children = (
				70D4B42F2844C58D00DD2DDC /* Vulkan-Xcode */,
			);
			name = Products;
			sourceTree = "<group>";
		};
		70D4B4312844C58D00DD2DDC /* Vulkan-Xcode */ = {
			isa = PBXGroup;
			children = (
				70D4B4322844C58D00DD2DDC /* main.cpp */,
			);
			path = "Vulkan-Xcode";
			sourceTree = "<group>";
		};
		70D4B4392844C6F600DD2DDC /* Frameworks */ = {
			isa = PBXGroup;
			children = (
				709F83E12845B3B90031EAA5 /* libvulkan.1.dylib */,
				70D4B43E2844C73100DD2DDC /* libglfw.3.3.dylib */,
			);
			name = Frameworks;
			sourceTree = "<group>";
		};
/* End PBXGroup section */

/* Begin PBXNativeTarget section */
		70D4B42E2844C58D00DD2DDC /* Vulkan-Xcode */ = {
			isa = PBXNativeTarget;
			buildConfigurationList = 70D4B4362844C58D00DD2DDC /* Build configuration list for PBXNativeTarget "Vulkan-Xcode" */;
			buildPhases = (
				70D4B42B2844C58D00DD2DDC /* Sources */,
				70D4B42C2844C58D00DD2DDC /* Frameworks */,
				70D4B42D2844C58D00DD2DDC /* CopyFiles */,
				709F83E72845B3E20031EAA5 /* CopyFiles */,
			);
			buildRules = (
			);
			dependencies = (
			);
			name = "Vulkan-Xcode";
			productName = VulkanTest;
			productReference = 70D4B42F2844C58D00DD2DDC /* Vulkan-Xcode */;
			productType = "com.apple.product-type.tool";
		};
/* End PBXNativeTarget section */

/* Begin PBXProject section */
		70D4B4272844C58C00DD2DDC /* Project object */ = {
			isa = PBXProject;
			attributes = {
				BuildIndependentTargetsInParallel = 1;
				LastUpgradeCheck = 1340;
				TargetAttributes = {
					70D4B42E2844C58D00DD2DDC = {
						CreatedOnToolsVersion = 13.4;
					};
				};
			};
			buildConfigurationList = 70D4B42A2844C58C00DD2DDC /* Build configuration list for PBXProject "Vulkan-Xcode" */;
			compatibilityVersion = "Xcode 13.0";
			developmentRegion = en;
			hasScannedForEncodings = 0;
			knownRegions = (
				en,
				Base,
			);
			mainGroup = 70D4B4262844C58C00DD2DDC;
			productRefGroup = 70D4B4302844C58D00DD2DDC /* Products */;
			projectDirPath = "";
			projectRoot = "";
			targets = (
				70D4B42E2844C58D00DD2DDC /* Vulkan-Xcode */,
			);
		};
/* End PBXProject section */

/* Begin PBXSourcesBuildPhase section */
		70D4B42B2844C58D00DD2DDC /* Sources */ = {
			isa = PBXSourcesBuildPhase;
			buildActionMask = 2147483647;
			files = (
				70D4B4332844C58D00DD2DDC /* main.cpp in Sources */,
			);
			runOnlyForDeploymentPostprocessing = 0;
		};
/* End PBXSourcesBuildPhase section */

/* Begin XCBuildConfiguration section */
		70D4B4342844C58D00DD2DDC /* Debug */ = {
			isa = XCBuildConfiguration;
			buildSettings = {
				ALWAYS_SEARCH_USER_PATHS = NO;
				CLANG_ANALYZER_NONNULL = YES;
				CLANG_ANALYZER_NUMBER_OBJECT_CONVERSION = YES_AGGRESSIVE;
				CLANG_CXX_LANGUAGE_STANDARD = "gnu++17";
				CLANG_ENABLE_MODULES = YES;
				CLANG_ENABLE_OBJC_ARC = YES;
				CLANG_ENABLE_OBJC_WEAK = YES;
				CLANG_WARN_BLOCK_CAPTURE_AUTORELEASING = YES;
				CLANG_WARN_BOOL_CONVERSION = YES;
				CLANG_WARN_COMMA = YES;
				CLANG_WARN_CONSTANT_CONVERSION = YES;
				CLANG_WARN_DEPRECATED_OBJC_IMPLEMENTATIONS = YES;
				CLANG_WARN_DIRECT_OBJC_ISA_USAGE = YES_ERROR;
				CLANG_WARN_DOCUMENTATION_COMMENTS = YES;
				CLANG_WARN_EMPTY_BODY = YES;
				CLANG_WARN_ENUM_CONVERSION = YES;
				CLANG_WARN_INFINITE_RECURSION = YES;
				CLANG_WARN_INT_CONVERSION = YES;
				CLANG_WARN_NON_LITERAL_NULL_CONVERSION = YES;
				CLANG_WARN_OBJC_IMPLICIT_RETAIN_SELF = YES;
				CLANG_WARN_OBJC_LITERAL_CONVERSION = YES;
				CLANG_WARN_OBJC_ROOT_CLASS = YES_ERROR;
				CLANG_WARN_QUOTED_INCLUDE_IN_FRAMEWORK_HEADER = YES;
				CLANG_WARN_RANGE_LOOP_ANALYSIS = YES;
				CLANG_WARN_STRICT_PROTOTYPES = YES;
				CLANG_WARN_SUSPICIOUS_MOVE = YES;
				CLANG_WARN_UNGUARDED_AVAILABILITY = YES_AGGRESSIVE;
				CLANG_WARN_UNREACHABLE_CODE = YES;
				CLANG_WARN__DUPLICATE_METHOD_MATCH = YES;
				COPY_PHASE_STRIP = NO;
				DEBUG_INFORMATION_FORMAT = dwarf;
				ENABLE_STRICT_OBJC_MSGSEND = YES;
				ENABLE_TESTABILITY = YES;
				GCC_C_LANGUAGE_STANDARD = gnu11;
				GCC_DYNAMIC_NO_PIC = NO;
				GCC_NO_COMMON_BLOCKS = YES;
				GCC_OPTIMIZATION_LEVEL = 0;
				GCC_PREPROCESSOR_DEFINITIONS = (
					"DEBUG=1",
					"$(inherited)",
				);
				GCC_WARN_64_TO_32_BIT_CONVERSION = YES;
				GCC_WARN_ABOUT_RETURN_TYPE = YES_ERROR;
				GCC_WARN_UNDECLARED_SELECTOR = YES;
				GCC_WARN_UNINITIALIZED_AUTOS = YES_AGGRESSIVE;
				GCC_WARN_UNUSED_FUNCTION = YES;
				GCC_WARN_UNUSED_VARIABLE = YES;
				MACOSX_DEPLOYMENT_TARGET = 12.3;
				MTL_ENABLE_DEBUG_INFO = INCLUDE_SOURCE;
				MTL_FAST_MATH = YES;
				ONLY_ACTIVE_ARCH = YES;
				SDKROOT = macosx;
			};
			name = Debug;
		};
		70D4B4352844C58D00DD2DDC /* Release */ = {
			isa = XCBuildConfiguration;
			buildSettings = {
				ALWAYS_SEARCH_USER_PATHS = NO;
				CLANG_ANALYZER_NONNULL = YES;
				CLANG_ANALYZER_NUMBER_OBJECT_CONVERSION = YES_AGGRESSIVE;
				CLANG_CXX_LANGUAGE_STANDARD = "gnu++17";
				CLANG_ENABLE_MODULES = YES;
				CLANG_ENABLE_OBJC_ARC = YES;
				CLANG_ENABLE_OBJC_WEAK = YES;
				CLANG_WARN_BLOCK_CAPTURE_AUTORELEASING = YES;
				CLANG_WARN_BOOL_CONVERSION = YES;
				CLANG_WARN_COMMA = YES;
				CLANG_WARN_CONSTANT_CONVERSION = YES;
				CLANG_WARN_DEPRECATED_OBJC_IMPLEMENTATIONS = YES;
				CLANG_WARN_DIRECT_OBJC_ISA_USAGE = YES_ERROR;
				CLANG_WARN_DOCUMENTATION_COMMENTS = YES;
				CLANG_WARN_EMPTY_BODY = YES;
				CLANG_WARN_ENUM_CONVERSION = YES;
				CLANG_WARN_INFINITE_RECURSION = YES;
				CLANG_WARN_INT_CONVERSION = YES;
				CLANG_WARN_NON_LITERAL_NULL_CONVERSION = YES;
				CLANG_WARN_OBJC_IMPLICIT_RETAIN_SELF = YES;
				CLANG_WARN_OBJC_LITERAL_CONVERSION = YES;
				CLANG_WARN_OBJC_ROOT_CLASS = YES_ERROR;
				CLANG_WARN_QUOTED_INCLUDE_IN_FRAMEWORK_HEADER = YES;
				CLANG_WARN_RANGE_LOOP_ANALYSIS = YES;
				CLANG_WARN_STRICT_PROTOTYPES = YES;
				CLANG_WARN_SUSPICIOUS_MOVE = YES;
				CLANG_WARN_UNGUARDED_AVAILABILITY = YES_AGGRESSIVE;
				CLANG_WARN_UNREACHABLE_CODE = YES;
				CLANG_WARN__DUPLICATE_METHOD_MATCH = YES;
				COPY_PHASE_STRIP = NO;
				DEBUG_INFORMATION_FORMAT = "dwarf-with-dsym";
				ENABLE_NS_ASSERTIONS = NO;
				ENABLE_STRICT_OBJC_MSGSEND = YES;
				GCC_C_LANGUAGE_STANDARD = gnu11;
				GCC_NO_COMMON_BLOCKS = YES;
				GCC_WARN_64_TO_32_BIT_CONVERSION = YES;
				GCC_WARN_ABOUT_RETURN_TYPE = YES_ERROR;
				GCC_WARN_UNDECLARED_SELECTOR = YES;
				GCC_WARN_UNINITIALIZED_AUTOS = YES_AGGRESSIVE;
				GCC_WARN_UNUSED_FUNCTION = YES;
				GCC_WARN_UNUSED_VARIABLE = YES;
				MACOSX_DEPLOYMENT_TARGET = 12.3;
				MTL_ENABLE_DEBUG_INFO = NO;
				MTL_FAST_MATH = YES;
				SDKROOT = macosx;
			};
			name = Release;
		};
		70D4B4372844C58D00DD2DDC /* Debug */ = {
			isa = XCBuildConfiguration;
			buildSettings = {
				CODE_SIGN_IDENTITY = "Apple Development";
				CODE_SIGN_INJECT_BASE_ENTITLEMENTS = YES;
				CODE_SIGN_STYLE = Automatic;
				DEVELOPMENT_TEAM = BK6X3XGBVZ;
				ENABLE_HARDENED_RUNTIME = NO;
				HEADER_SEARCH_PATHS = (
					/usr/local/include,
					/Users/yangdong/VulkanSDK/1.3.211.0/macOS/include,
				);
				LIBRARY_SEARCH_PATHS = (
					/usr/local/lib,
					/Users/yangdong/VulkanSDK/1.3.211.0/macOS/lib,
				);
				PRODUCT_NAME = "$(TARGET_NAME)";
			};
			name = Debug;
		};
		70D4B4382844C58D00DD2DDC /* Release */ = {
			isa = XCBuildConfiguration;
			buildSettings = {
				CODE_SIGN_IDENTITY = "Apple Development";
				CODE_SIGN_INJECT_BASE_ENTITLEMENTS = YES;
				CODE_SIGN_STYLE = Automatic;
				DEVELOPMENT_TEAM = BK6X3XGBVZ;
				ENABLE_HARDENED_RUNTIME = NO;
				HEADER_SEARCH_PATHS = (
					/usr/local/include,
					/Users/yangdong/VulkanSDK/1.3.211.0/macOS/include,
				);
				LIBRARY_SEARCH_PATHS = (
					/usr/local/lib,
					/Users/yangdong/VulkanSDK/1.3.211.0/macOS/lib,
				);
				PRODUCT_NAME = "$(TARGET_NAME)";
			};
			name = Release;
		};
/* End XCBuildConfiguration section */

/* Begin XCConfigurationList section */
		70D4B42A2844C58C00DD2DDC /* Build configuration list for PBXProject "Vulkan-Xcode" */ = {
			isa = XCConfigurationList;
			buildConfigurations = (
				70D4B4342844C58D00DD2DDC /* Debug */,
				70D4B4352844C58D00DD2DDC /* Release */,
			);
			defaultConfigurationIsVisible = 0;
			defaultConfigurationName = Release;
		};
		70D4B4362844C58D00DD2DDC /* Build configuration list for PBXNativeTarget "Vulkan-Xcode" */ = {
			isa = XCConfigurationList;
			buildConfigurations = (
				70D4B4372844C58D00DD2DDC /* Debug */,
				70D4B4382844C58D00DD2DDC /* Release */,
			);
			defaultConfigurationIsVisible = 0;
			defaultConfigurationName = Release;
		};
/* End XCConfigurationList section */
	};
	rootObject = 70D4B4272844C58C00DD2DDC /* Project object */;
}
